// !$*UTF8*$!
{
	archiveVersion = 1;
	classes = {
	};
	objectVersion = 50;
	objects = {

/* Begin PBXBuildFile section */
		E112C37525388B780057D2C3 /* GameModel.xcdatamodeld in Sources */ = {isa = PBXBuildFile; fileRef = E112C37325388B780057D2C3 /* GameModel.xcdatamodeld */; };
		E112C37725388BFF0057D2C3 /* GameProvider.swift in Sources */ = {isa = PBXBuildFile; fileRef = E112C37625388BFF0057D2C3 /* GameProvider.swift */; };
		E127BCFF251662F90040531F /* Poppins-SemiBold.ttf in Resources */ = {isa = PBXBuildFile; fileRef = E127BCFC251662F80040531F /* Poppins-SemiBold.ttf */; };
		E127BD00251662F90040531F /* Poppins-Bold.ttf in Resources */ = {isa = PBXBuildFile; fileRef = E127BCFD251662F80040531F /* Poppins-Bold.ttf */; };
		E127BD01251662F90040531F /* Poppins-Regular.ttf in Resources */ = {isa = PBXBuildFile; fileRef = E127BCFE251662F90040531F /* Poppins-Regular.ttf */; };
		E1344EAA253B0D5300BBB14F /* ImageUtils.swift in Sources */ = {isa = PBXBuildFile; fileRef = E1344EA9253B0D5300BBB14F /* ImageUtils.swift */; };
		E13508DB2520880300FA07CB /* GameResponse.swift in Sources */ = {isa = PBXBuildFile; fileRef = E13508DA2520880300FA07CB /* GameResponse.swift */; };
		E13DCCBB25179F61008FCCC3 /* AboutViewController.swift in Sources */ = {isa = PBXBuildFile; fileRef = E13DCCB925179F61008FCCC3 /* AboutViewController.swift */; };
		E13DCCBC25179F61008FCCC3 /* AboutViewController.xib in Resources */ = {isa = PBXBuildFile; fileRef = E13DCCBA25179F61008FCCC3 /* AboutViewController.xib */; };
		E14306EF253AB36A009E03AC /* ToastUtil.swift in Sources */ = {isa = PBXBuildFile; fileRef = E14306EE253AB36A009E03AC /* ToastUtil.swift */; };
		E15E5718251B754B0054BAE4 /* GameTableViewCell.swift in Sources */ = {isa = PBXBuildFile; fileRef = E15E5716251B754B0054BAE4 /* GameTableViewCell.swift */; };
		E15E5719251B754B0054BAE4 /* GameTableViewCell.xib in Resources */ = {isa = PBXBuildFile; fileRef = E15E5717251B754B0054BAE4 /* GameTableViewCell.xib */; };
		E15E571C251B8D810054BAE4 /* GameItem.swift in Sources */ = {isa = PBXBuildFile; fileRef = E15E571B251B8D810054BAE4 /* GameItem.swift */; };
		E15E5722251B9E130054BAE4 /* DetailViewController.swift in Sources */ = {isa = PBXBuildFile; fileRef = E15E5720251B9E130054BAE4 /* DetailViewController.swift */; };
		E15E5723251B9E130054BAE4 /* DetailViewController.xib in Resources */ = {isa = PBXBuildFile; fileRef = E15E5721251B9E130054BAE4 /* DetailViewController.xib */; };
		E1AE8C1D2535FD3100CB8064 /* BookmarkViewController.swift in Sources */ = {isa = PBXBuildFile; fileRef = E1AE8C1B2535FD3100CB8064 /* BookmarkViewController.swift */; };
		E1AE8C1E2535FD3100CB8064 /* BookmarkViewController.xib in Resources */ = {isa = PBXBuildFile; fileRef = E1AE8C1C2535FD3100CB8064 /* BookmarkViewController.xib */; };
		E1E4C1262529AD8600FAA8A6 /* Genre.swift in Sources */ = {isa = PBXBuildFile; fileRef = E1E4C1252529AD8600FAA8A6 /* Genre.swift */; };
		E1E4C1282529ADE300FAA8A6 /* Publisher.swift in Sources */ = {isa = PBXBuildFile; fileRef = E1E4C1272529ADE300FAA8A6 /* Publisher.swift */; };
		E1E4C12A2529AE0B00FAA8A6 /* GameDetailResponse.swift in Sources */ = {isa = PBXBuildFile; fileRef = E1E4C1292529AE0B00FAA8A6 /* GameDetailResponse.swift */; };
		E1E7620A250E7BD700F83E3F /* AppDelegate.swift in Sources */ = {isa = PBXBuildFile; fileRef = E1E76209250E7BD700F83E3F /* AppDelegate.swift */; };
		E1E7620C250E7BD700F83E3F /* SceneDelegate.swift in Sources */ = {isa = PBXBuildFile; fileRef = E1E7620B250E7BD700F83E3F /* SceneDelegate.swift */; };
		E1E7620E250E7BD700F83E3F /* ViewController.swift in Sources */ = {isa = PBXBuildFile; fileRef = E1E7620D250E7BD700F83E3F /* ViewController.swift */; };
		E1E76211250E7BD700F83E3F /* Main.storyboard in Resources */ = {isa = PBXBuildFile; fileRef = E1E7620F250E7BD700F83E3F /* Main.storyboard */; };
		E1E76213250E7BD900F83E3F /* Assets.xcassets in Resources */ = {isa = PBXBuildFile; fileRef = E1E76212250E7BD900F83E3F /* Assets.xcassets */; };
		E1E76216250E7BD900F83E3F /* LaunchScreen.storyboard in Resources */ = {isa = PBXBuildFile; fileRef = E1E76214250E7BD900F83E3F /* LaunchScreen.storyboard */; };
/* End PBXBuildFile section */

/* Begin PBXFileReference section */
		E112C37425388B780057D2C3 /* GameModel.xcdatamodel */ = {isa = PBXFileReference; lastKnownFileType = wrapper.xcdatamodel; path = GameModel.xcdatamodel; sourceTree = "<group>"; };
		E112C37625388BFF0057D2C3 /* GameProvider.swift */ = {isa = PBXFileReference; lastKnownFileType = sourcecode.swift; path = GameProvider.swift; sourceTree = "<group>"; };
		E127BCFC251662F80040531F /* Poppins-SemiBold.ttf */ = {isa = PBXFileReference; lastKnownFileType = file; path = "Poppins-SemiBold.ttf"; sourceTree = "<group>"; };
		E127BCFD251662F80040531F /* Poppins-Bold.ttf */ = {isa = PBXFileReference; lastKnownFileType = file; path = "Poppins-Bold.ttf"; sourceTree = "<group>"; };
		E127BCFE251662F90040531F /* Poppins-Regular.ttf */ = {isa = PBXFileReference; lastKnownFileType = file; path = "Poppins-Regular.ttf"; sourceTree = "<group>"; };
		E1344EA9253B0D5300BBB14F /* ImageUtils.swift */ = {isa = PBXFileReference; lastKnownFileType = sourcecode.swift; path = ImageUtils.swift; sourceTree = "<group>"; };
		E13508DA2520880300FA07CB /* GameResponse.swift */ = {isa = PBXFileReference; lastKnownFileType = sourcecode.swift; path = GameResponse.swift; sourceTree = "<group>"; };
		E13DCCB925179F61008FCCC3 /* AboutViewController.swift */ = {isa = PBXFileReference; lastKnownFileType = sourcecode.swift; path = AboutViewController.swift; sourceTree = "<group>"; };
		E13DCCBA25179F61008FCCC3 /* AboutViewController.xib */ = {isa = PBXFileReference; lastKnownFileType = file.xib; path = AboutViewController.xib; sourceTree = "<group>"; };
		E14306EE253AB36A009E03AC /* ToastUtil.swift */ = {isa = PBXFileReference; lastKnownFileType = sourcecode.swift; path = ToastUtil.swift; sourceTree = "<group>"; };
		E15E5716251B754B0054BAE4 /* GameTableViewCell.swift */ = {isa = PBXFileReference; lastKnownFileType = sourcecode.swift; path = GameTableViewCell.swift; sourceTree = "<group>"; };
		E15E5717251B754B0054BAE4 /* GameTableViewCell.xib */ = {isa = PBXFileReference; lastKnownFileType = file.xib; path = GameTableViewCell.xib; sourceTree = "<group>"; };
		E15E571B251B8D810054BAE4 /* GameItem.swift */ = {isa = PBXFileReference; lastKnownFileType = sourcecode.swift; path = GameItem.swift; sourceTree = "<group>"; };
		E15E5720251B9E130054BAE4 /* DetailViewController.swift */ = {isa = PBXFileReference; lastKnownFileType = sourcecode.swift; path = DetailViewController.swift; sourceTree = "<group>"; };
		E15E5721251B9E130054BAE4 /* DetailViewController.xib */ = {isa = PBXFileReference; lastKnownFileType = file.xib; path = DetailViewController.xib; sourceTree = "<group>"; };
		E1AE8C1B2535FD3100CB8064 /* BookmarkViewController.swift */ = {isa = PBXFileReference; lastKnownFileType = sourcecode.swift; path = BookmarkViewController.swift; sourceTree = "<group>"; };
		E1AE8C1C2535FD3100CB8064 /* BookmarkViewController.xib */ = {isa = PBXFileReference; lastKnownFileType = file.xib; path = BookmarkViewController.xib; sourceTree = "<group>"; };
		E1E4C1252529AD8600FAA8A6 /* Genre.swift */ = {isa = PBXFileReference; lastKnownFileType = sourcecode.swift; path = Genre.swift; sourceTree = "<group>"; };
		E1E4C1272529ADE300FAA8A6 /* Publisher.swift */ = {isa = PBXFileReference; lastKnownFileType = sourcecode.swift; path = Publisher.swift; sourceTree = "<group>"; };
		E1E4C1292529AE0B00FAA8A6 /* GameDetailResponse.swift */ = {isa = PBXFileReference; lastKnownFileType = sourcecode.swift; path = GameDetailResponse.swift; sourceTree = "<group>"; };
		E1E76206250E7BD700F83E3F /* Dicoding - RAWG.app */ = {isa = PBXFileReference; explicitFileType = wrapper.application; includeInIndex = 0; path = "Dicoding - RAWG.app"; sourceTree = BUILT_PRODUCTS_DIR; };
		E1E76209250E7BD700F83E3F /* AppDelegate.swift */ = {isa = PBXFileReference; lastKnownFileType = sourcecode.swift; path = AppDelegate.swift; sourceTree = "<group>"; };
		E1E7620B250E7BD700F83E3F /* SceneDelegate.swift */ = {isa = PBXFileReference; lastKnownFileType = sourcecode.swift; path = SceneDelegate.swift; sourceTree = "<group>"; };
		E1E7620D250E7BD700F83E3F /* ViewController.swift */ = {isa = PBXFileReference; lastKnownFileType = sourcecode.swift; path = ViewController.swift; sourceTree = "<group>"; };
		E1E76210250E7BD700F83E3F /* Base */ = {isa = PBXFileReference; lastKnownFileType = file.storyboard; name = Base; path = Base.lproj/Main.storyboard; sourceTree = "<group>"; };
		E1E76212250E7BD900F83E3F /* Assets.xcassets */ = {isa = PBXFileReference; lastKnownFileType = folder.assetcatalog; path = Assets.xcassets; sourceTree = "<group>"; };
		E1E76215250E7BD900F83E3F /* Base */ = {isa = PBXFileReference; lastKnownFileType = file.storyboard; name = Base; path = Base.lproj/LaunchScreen.storyboard; sourceTree = "<group>"; };
		E1E76217250E7BD900F83E3F /* Info.plist */ = {isa = PBXFileReference; lastKnownFileType = text.plist.xml; path = Info.plist; sourceTree = "<group>"; };
/* End PBXFileReference section */

/* Begin PBXFrameworksBuildPhase section */
		E1E76203250E7BD700F83E3F /* Frameworks */ = {
			isa = PBXFrameworksBuildPhase;
			buildActionMask = 2147483647;
			files = (
			);
			runOnlyForDeploymentPostprocessing = 0;
		};
/* End PBXFrameworksBuildPhase section */

/* Begin PBXGroup section */
		E127BCFB251662E10040531F /* Fonts */ = {
			isa = PBXGroup;
			children = (
				E127BCFD251662F80040531F /* Poppins-Bold.ttf */,
				E127BCFE251662F90040531F /* Poppins-Regular.ttf */,
				E127BCFC251662F80040531F /* Poppins-SemiBold.ttf */,
			);
			path = Fonts;
			sourceTree = "<group>";
		};
		E13DCCBD25179F7E008FCCC3 /* Main */ = {
			isa = PBXGroup;
			children = (
				E1E7620D250E7BD700F83E3F /* ViewController.swift */,
				E1E7620F250E7BD700F83E3F /* Main.storyboard */,
			);
			path = Main;
			sourceTree = "<group>";
		};
		E13DCCBE25179F8F008FCCC3 /* About */ = {
			isa = PBXGroup;
			children = (
				E13DCCB925179F61008FCCC3 /* AboutViewController.swift */,
				E13DCCBA25179F61008FCCC3 /* AboutViewController.xib */,
			);
			path = About;
			sourceTree = "<group>";
		};
		E14306ED253AB353009E03AC /* Utils */ = {
			isa = PBXGroup;
			children = (
				E14306EE253AB36A009E03AC /* ToastUtil.swift */,
				E1344EA9253B0D5300BBB14F /* ImageUtils.swift */,
			);
			path = Utils;
			sourceTree = "<group>";
		};
		E15E571A251B75600054BAE4 /* gamecell */ = {
			isa = PBXGroup;
			children = (
				E15E5716251B754B0054BAE4 /* GameTableViewCell.swift */,
				E15E5717251B754B0054BAE4 /* GameTableViewCell.xib */,
			);
			path = gamecell;
			sourceTree = "<group>";
		};
		E15E571F251B9DF20054BAE4 /* Detail */ = {
			isa = PBXGroup;
			children = (
				E15E5720251B9E130054BAE4 /* DetailViewController.swift */,
				E15E5721251B9E130054BAE4 /* DetailViewController.xib */,
			);
			path = Detail;
			sourceTree = "<group>";
		};
		E1AE8C1A2535FCE100CB8064 /* Bookmark */ = {
			isa = PBXGroup;
			children = (
				E1AE8C1B2535FD3100CB8064 /* BookmarkViewController.swift */,
				E1AE8C1C2535FD3100CB8064 /* BookmarkViewController.xib */,
			);
			path = Bookmark;
			sourceTree = "<group>";
		};
		E1E761FD250E7BD700F83E3F = {
			isa = PBXGroup;
			children = (
				E1E76208250E7BD700F83E3F /* Dicoding - RAWG */,
				E1E76207250E7BD700F83E3F /* Products */,
			);
			sourceTree = "<group>";
		};
		E1E76207250E7BD700F83E3F /* Products */ = {
			isa = PBXGroup;
			children = (
				E1E76206250E7BD700F83E3F /* Dicoding - RAWG.app */,
			);
			name = Products;
			sourceTree = "<group>";
		};
		E1E76208250E7BD700F83E3F /* Dicoding - RAWG */ = {
			isa = PBXGroup;
			children = (
				E14306ED253AB353009E03AC /* Utils */,
				E127BCFB251662E10040531F /* Fonts */,
				E1EB9E86251648BA001F4D81 /* View */,
				E1EB9E85251648B5001F4D81 /* Model */,
				E1EB9E84251648AC001F4D81 /* Base */,
				E1E76212250E7BD900F83E3F /* Assets.xcassets */,
				E1E76217250E7BD900F83E3F /* Info.plist */,
			);
			path = "Dicoding - RAWG";
			sourceTree = "<group>";
		};
		E1EB9E84251648AC001F4D81 /* Base */ = {
			isa = PBXGroup;
			children = (
				E1E76209250E7BD700F83E3F /* AppDelegate.swift */,
				E1E7620B250E7BD700F83E3F /* SceneDelegate.swift */,
			);
			path = Base;
			sourceTree = "<group>";
		};
		E1EB9E85251648B5001F4D81 /* Model */ = {
			isa = PBXGroup;
			children = (
				E15E571B251B8D810054BAE4 /* GameItem.swift */,
				E13508DA2520880300FA07CB /* GameResponse.swift */,
				E1E4C1252529AD8600FAA8A6 /* Genre.swift */,
				E1E4C1272529ADE300FAA8A6 /* Publisher.swift */,
				E1E4C1292529AE0B00FAA8A6 /* GameDetailResponse.swift */,
				E112C37325388B780057D2C3 /* GameModel.xcdatamodeld */,
				E112C37625388BFF0057D2C3 /* GameProvider.swift */,
			);
			path = Model;
			sourceTree = "<group>";
		};
		E1EB9E86251648BA001F4D81 /* View */ = {
			isa = PBXGroup;
			children = (
				E1AE8C1A2535FCE100CB8064 /* Bookmark */,
				E15E571F251B9DF20054BAE4 /* Detail */,
				E13DCCBE25179F8F008FCCC3 /* About */,
				E15E571A251B75600054BAE4 /* gamecell */,
				E13DCCBD25179F7E008FCCC3 /* Main */,
				E1E76214250E7BD900F83E3F /* LaunchScreen.storyboard */,
			);
			path = View;
			sourceTree = "<group>";
		};
/* End PBXGroup section */

/* Begin PBXNativeTarget section */
		E1E76205250E7BD700F83E3F /* Dicoding - RAWG */ = {
			isa = PBXNativeTarget;
			buildConfigurationList = E1E7621A250E7BD900F83E3F /* Build configuration list for PBXNativeTarget "Dicoding - RAWG" */;
			buildPhases = (
				E1E76202250E7BD700F83E3F /* Sources */,
				E1E76203250E7BD700F83E3F /* Frameworks */,
				E1E76204250E7BD700F83E3F /* Resources */,
			);
			buildRules = (
			);
			dependencies = (
			);
			name = "Dicoding - RAWG";
			productName = "Dicoding - RAWG";
			productReference = E1E76206250E7BD700F83E3F /* Dicoding - RAWG.app */;
			productType = "com.apple.product-type.application";
		};
/* End PBXNativeTarget section */

/* Begin PBXProject section */
		E1E761FE250E7BD700F83E3F /* Project object */ = {
			isa = PBXProject;
			attributes = {
				LastSwiftUpdateCheck = 1160;
				LastUpgradeCheck = 1160;
				ORGANIZATIONNAME = "Amirul Nizam Alfian";
				TargetAttributes = {
					E1E76205250E7BD700F83E3F = {
						CreatedOnToolsVersion = 11.6;
					};
				};
			};
			buildConfigurationList = E1E76201250E7BD700F83E3F /* Build configuration list for PBXProject "Dicoding - RAWG" */;
			compatibilityVersion = "Xcode 9.3";
			developmentRegion = en;
			hasScannedForEncodings = 0;
			knownRegions = (
				en,
				Base,
			);
			mainGroup = E1E761FD250E7BD700F83E3F;
			productRefGroup = E1E76207250E7BD700F83E3F /* Products */;
			projectDirPath = "";
			projectRoot = "";
			targets = (
				E1E76205250E7BD700F83E3F /* Dicoding - RAWG */,
			);
		};
/* End PBXProject section */

/* Begin PBXResourcesBuildPhase section */
		E1E76204250E7BD700F83E3F /* Resources */ = {
			isa = PBXResourcesBuildPhase;
			buildActionMask = 2147483647;
			files = (
				E1E76216250E7BD900F83E3F /* LaunchScreen.storyboard in Resources */,
				E13DCCBC25179F61008FCCC3 /* AboutViewController.xib in Resources */,
				E127BCFF251662F90040531F /* Poppins-SemiBold.ttf in Resources */,
				E15E5719251B754B0054BAE4 /* GameTableViewCell.xib in Resources */,
				E1AE8C1E2535FD3100CB8064 /* BookmarkViewController.xib in Resources */,
				E15E5723251B9E130054BAE4 /* DetailViewController.xib in Resources */,
				E127BD00251662F90040531F /* Poppins-Bold.ttf in Resources */,
				E127BD01251662F90040531F /* Poppins-Regular.ttf in Resources */,
				E1E76213250E7BD900F83E3F /* Assets.xcassets in Resources */,
				E1E76211250E7BD700F83E3F /* Main.storyboard in Resources */,
			);
			runOnlyForDeploymentPostprocessing = 0;
		};
/* End PBXResourcesBuildPhase section */

/* Begin PBXSourcesBuildPhase section */
		E1E76202250E7BD700F83E3F /* Sources */ = {
			isa = PBXSourcesBuildPhase;
			buildActionMask = 2147483647;
			files = (
				E15E5718251B754B0054BAE4 /* GameTableViewCell.swift in Sources */,
				E1E7620E250E7BD700F83E3F /* ViewController.swift in Sources */,
				E15E571C251B8D810054BAE4 /* GameItem.swift in Sources */,
				E1E7620A250E7BD700F83E3F /* AppDelegate.swift in Sources */,
				E1AE8C1D2535FD3100CB8064 /* BookmarkViewController.swift in Sources */,
				E13DCCBB25179F61008FCCC3 /* AboutViewController.swift in Sources */,
				E112C37725388BFF0057D2C3 /* GameProvider.swift in Sources */,
				E1E7620C250E7BD700F83E3F /* SceneDelegate.swift in Sources */,
				E1E4C12A2529AE0B00FAA8A6 /* GameDetailResponse.swift in Sources */,
				E15E5722251B9E130054BAE4 /* DetailViewController.swift in Sources */,
				E112C37525388B780057D2C3 /* GameModel.xcdatamodeld in Sources */,
				E13508DB2520880300FA07CB /* GameResponse.swift in Sources */,
				E14306EF253AB36A009E03AC /* ToastUtil.swift in Sources */,
				E1E4C1282529ADE300FAA8A6 /* Publisher.swift in Sources */,
				E1E4C1262529AD8600FAA8A6 /* Genre.swift in Sources */,
				E1344EAA253B0D5300BBB14F /* ImageUtils.swift in Sources */,
			);
			runOnlyForDeploymentPostprocessing = 0;
		};
/* End PBXSourcesBuildPhase section */

/* Begin PBXVariantGroup section */
		E1E7620F250E7BD700F83E3F /* Main.storyboard */ = {
			isa = PBXVariantGroup;
			children = (
				E1E76210250E7BD700F83E3F /* Base */,
			);
			name = Main.storyboard;
			sourceTree = "<group>";
		};
		E1E76214250E7BD900F83E3F /* LaunchScreen.storyboard */ = {
			isa = PBXVariantGroup;
			children = (
				E1E76215250E7BD900F83E3F /* Base */,
			);
			name = LaunchScreen.storyboard;
			sourceTree = "<group>";
		};
/* End PBXVariantGroup section */

/* Begin XCBuildConfiguration section */
		E1E76218250E7BD900F83E3F /* Debug */ = {
			isa = XCBuildConfiguration;
			buildSettings = {
				ALWAYS_SEARCH_USER_PATHS = NO;
				CLANG_ANALYZER_NONNULL = YES;
				CLANG_ANALYZER_NUMBER_OBJECT_CONVERSION = YES_AGGRESSIVE;
				CLANG_CXX_LANGUAGE_STANDARD = "gnu++14";
				CLANG_CXX_LIBRARY = "libc++";
				CLANG_ENABLE_MODULES = YES;
				CLANG_ENABLE_OBJC_ARC = YES;
				CLANG_ENABLE_OBJC_WEAK = YES;
				CLANG_WARN_BLOCK_CAPTURE_AUTORELEASING = YES;
				CLANG_WARN_BOOL_CONVERSION = YES;
				CLANG_WARN_COMMA = YES;
				CLANG_WARN_CONSTANT_CONVERSION = YES;
				CLANG_WARN_DEPRECATED_OBJC_IMPLEMENTATIONS = YES;
				CLANG_WARN_DIRECT_OBJC_ISA_USAGE = YES_ERROR;
				CLANG_WARN_DOCUMENTATION_COMMENTS = YES;
				CLANG_WARN_EMPTY_BODY = YES;
				CLANG_WARN_ENUM_CONVERSION = YES;
				CLANG_WARN_INFINITE_RECURSION = YES;
				CLANG_WARN_INT_CONVERSION = YES;
				CLANG_WARN_NON_LITERAL_NULL_CONVERSION = YES;
				CLANG_WARN_OBJC_IMPLICIT_RETAIN_SELF = YES;
				CLANG_WARN_OBJC_LITERAL_CONVERSION = YES;
				CLANG_WARN_OBJC_ROOT_CLASS = YES_ERROR;
				CLANG_WARN_RANGE_LOOP_ANALYSIS = YES;
				CLANG_WARN_STRICT_PROTOTYPES = YES;
				CLANG_WARN_SUSPICIOUS_MOVE = YES;
				CLANG_WARN_UNGUARDED_AVAILABILITY = YES_AGGRESSIVE;
				CLANG_WARN_UNREACHABLE_CODE = YES;
				CLANG_WARN__DUPLICATE_METHOD_MATCH = YES;
				COPY_PHASE_STRIP = NO;
				DEBUG_INFORMATION_FORMAT = dwarf;
				ENABLE_STRICT_OBJC_MSGSEND = YES;
				ENABLE_TESTABILITY = YES;
				GCC_C_LANGUAGE_STANDARD = gnu11;
				GCC_DYNAMIC_NO_PIC = NO;
				GCC_NO_COMMON_BLOCKS = YES;
				GCC_OPTIMIZATION_LEVEL = 0;
				GCC_PREPROCESSOR_DEFINITIONS = (
					"DEBUG=1",
					"$(inherited)",
				);
				GCC_WARN_64_TO_32_BIT_CONVERSION = YES;
				GCC_WARN_ABOUT_RETURN_TYPE = YES_ERROR;
				GCC_WARN_UNDECLARED_SELECTOR = YES;
				GCC_WARN_UNINITIALIZED_AUTOS = YES_AGGRESSIVE;
				GCC_WARN_UNUSED_FUNCTION = YES;
				GCC_WARN_UNUSED_VARIABLE = YES;
				IPHONEOS_DEPLOYMENT_TARGET = 13.6;
				MTL_ENABLE_DEBUG_INFO = INCLUDE_SOURCE;
				MTL_FAST_MATH = YES;
				ONLY_ACTIVE_ARCH = YES;
				SDKROOT = iphoneos;
				SWIFT_ACTIVE_COMPILATION_CONDITIONS = DEBUG;
				SWIFT_OPTIMIZATION_LEVEL = "-Onone";
			};
			name = Debug;
		};
		E1E76219250E7BD900F83E3F /* Release */ = {
			isa = XCBuildConfiguration;
			buildSettings = {
				ALWAYS_SEARCH_USER_PATHS = NO;
				CLANG_ANALYZER_NONNULL = YES;
				CLANG_ANALYZER_NUMBER_OBJECT_CONVERSION = YES_AGGRESSIVE;
				CLANG_CXX_LANGUAGE_STANDARD = "gnu++14";
				CLANG_CXX_LIBRARY = "libc++";
				CLANG_ENABLE_MODULES = YES;
				CLANG_ENABLE_OBJC_ARC = YES;
				CLANG_ENABLE_OBJC_WEAK = YES;
				CLANG_WARN_BLOCK_CAPTURE_AUTORELEASING = YES;
				CLANG_WARN_BOOL_CONVERSION = YES;
				CLANG_WARN_COMMA = YES;
				CLANG_WARN_CONSTANT_CONVERSION = YES;
				CLANG_WARN_DEPRECATED_OBJC_IMPLEMENTATIONS = YES;
				CLANG_WARN_DIRECT_OBJC_ISA_USAGE = YES_ERROR;
				CLANG_WARN_DOCUMENTATION_COMMENTS = YES;
				CLANG_WARN_EMPTY_BODY = YES;
				CLANG_WARN_ENUM_CONVERSION = YES;
				CLANG_WARN_INFINITE_RECURSION = YES;
				CLANG_WARN_INT_CONVERSION = YES;
				CLANG_WARN_NON_LITERAL_NULL_CONVERSION = YES;
				CLANG_WARN_OBJC_IMPLICIT_RETAIN_SELF = YES;
				CLANG_WARN_OBJC_LITERAL_CONVERSION = YES;
				CLANG_WARN_OBJC_ROOT_CLASS = YES_ERROR;
				CLANG_WARN_RANGE_LOOP_ANALYSIS = YES;
				CLANG_WARN_STRICT_PROTOTYPES = YES;
				CLANG_WARN_SUSPICIOUS_MOVE = YES;
				CLANG_WARN_UNGUARDED_AVAILABILITY = YES_AGGRESSIVE;
				CLANG_WARN_UNREACHABLE_CODE = YES;
				CLANG_WARN__DUPLICATE_METHOD_MATCH = YES;
				COPY_PHASE_STRIP = NO;
				DEBUG_INFORMATION_FORMAT = "dwarf-with-dsym";
				ENABLE_NS_ASSERTIONS = NO;
				ENABLE_STRICT_OBJC_MSGSEND = YES;
				GCC_C_LANGUAGE_STANDARD = gnu11;
				GCC_NO_COMMON_BLOCKS = YES;
				GCC_WARN_64_TO_32_BIT_CONVERSION = YES;
				GCC_WARN_ABOUT_RETURN_TYPE = YES_ERROR;
				GCC_WARN_UNDECLARED_SELECTOR = YES;
				GCC_WARN_UNINITIALIZED_AUTOS = YES_AGGRESSIVE;
				GCC_WARN_UNUSED_FUNCTION = YES;
				GCC_WARN_UNUSED_VARIABLE = YES;
				IPHONEOS_DEPLOYMENT_TARGET = 13.6;
				MTL_ENABLE_DEBUG_INFO = NO;
				MTL_FAST_MATH = YES;
				SDKROOT = iphoneos;
				SWIFT_COMPILATION_MODE = wholemodule;
				SWIFT_OPTIMIZATION_LEVEL = "-O";
				VALIDATE_PRODUCT = YES;
			};
			name = Release;
		};
		E1E7621B250E7BD900F83E3F /* Debug */ = {
			isa = XCBuildConfiguration;
			buildSettings = {
				ASSETCATALOG_COMPILER_APPICON_NAME = AppIcon;
				CODE_SIGN_STYLE = Automatic;
				DEVELOPMENT_TEAM = WPP58S75MA;
				INFOPLIST_FILE = "Dicoding - RAWG/Info.plist";
				LD_RUNPATH_SEARCH_PATHS = (
					"$(inherited)",
					"@executable_path/Frameworks",
				);
				PRODUCT_BUNDLE_IDENTIFIER = "com.nizamalfian.Dicoding---RAWG";
				PRODUCT_NAME = "$(TARGET_NAME)";
				SWIFT_VERSION = 5.0;
				TARGETED_DEVICE_FAMILY = "1,2";
			};
			name = Debug;
		};
		E1E7621C250E7BD900F83E3F /* Release */ = {
			isa = XCBuildConfiguration;
			buildSettings = {
				ASSETCATALOG_COMPILER_APPICON_NAME = AppIcon;
				CODE_SIGN_STYLE = Automatic;
				DEVELOPMENT_TEAM = WPP58S75MA;
				INFOPLIST_FILE = "Dicoding - RAWG/Info.plist";
				LD_RUNPATH_SEARCH_PATHS = (
					"$(inherited)",
					"@executable_path/Frameworks",
				);
				PRODUCT_BUNDLE_IDENTIFIER = "com.nizamalfian.Dicoding---RAWG";
				PRODUCT_NAME = "$(TARGET_NAME)";
				SWIFT_VERSION = 5.0;
				TARGETED_DEVICE_FAMILY = "1,2";
			};
			name = Release;
		};
/* End XCBuildConfiguration section */

/* Begin XCConfigurationList section */
		E1E76201250E7BD700F83E3F /* Build configuration list for PBXProject "Dicoding - RAWG" */ = {
			isa = XCConfigurationList;
			buildConfigurations = (
				E1E76218250E7BD900F83E3F /* Debug */,
				E1E76219250E7BD900F83E3F /* Release */,
			);
			defaultConfigurationIsVisible = 0;
			defaultConfigurationName = Release;
		};
		E1E7621A250E7BD900F83E3F /* Build configuration list for PBXNativeTarget "Dicoding - RAWG" */ = {
			isa = XCConfigurationList;
			buildConfigurations = (
				E1E7621B250E7BD900F83E3F /* Debug */,
				E1E7621C250E7BD900F83E3F /* Release */,
			);
			defaultConfigurationIsVisible = 0;
			defaultConfigurationName = Release;
		};
/* End XCConfigurationList section */

/* Begin XCVersionGroup section */
		E112C37325388B780057D2C3 /* GameModel.xcdatamodeld */ = {
			isa = XCVersionGroup;
			children = (
				E112C37425388B780057D2C3 /* GameModel.xcdatamodel */,
			);
			currentVersion = E112C37425388B780057D2C3 /* GameModel.xcdatamodel */;
			path = GameModel.xcdatamodeld;
			sourceTree = "<group>";
			versionGroupType = wrapper.xcdatamodel;
		};
/* End XCVersionGroup section */
	};
	rootObject = E1E761FE250E7BD700F83E3F /* Project object */;
}
